// !$*UTF8*$!
{
	archiveVersion = 1;
	classes = {
	};
	objectVersion = 77;
	objects = {

/* Begin PBXContainerItemProxy section */
		A50747F32EE42BE1005E8AEC /* PBXContainerItemProxy */ = {
			isa = PBXContainerItemProxy;
			containerPortal = A50747DD2EE42BDF005E8AEC /* Project object */;
			proxyType = 1;
			remoteGlobalIDString = A50747E42EE42BDF005E8AEC;
			remoteInfo = BookBeat;
		};
		A50747FD2EE42BE1005E8AEC /* PBXContainerItemProxy */ = {
			isa = PBXContainerItemProxy;
			containerPortal = A50747DD2EE42BDF005E8AEC /* Project object */;
			proxyType = 1;
			remoteGlobalIDString = A50747E42EE42BDF005E8AEC;
			remoteInfo = BookBeat;
		};
/* End PBXContainerItemProxy section */

/* Begin PBXFileReference section */
		A50747E52EE42BDF005E8AEC /* BookBeat.app */ = {isa = PBXFileReference; explicitFileType = wrapper.application; includeInIndex = 0; path = BookBeat.app; sourceTree = BUILT_PRODUCTS_DIR; };
		A50747F22EE42BE1005E8AEC /* BookBeatTests.xctest */ = {isa = PBXFileReference; explicitFileType = wrapper.cfbundle; includeInIndex = 0; path = BookBeatTests.xctest; sourceTree = BUILT_PRODUCTS_DIR; };
		A50747FC2EE42BE1005E8AEC /* BookBeatUITests.xctest */ = {isa = PBXFileReference; explicitFileType = wrapper.cfbundle; includeInIndex = 0; path = BookBeatUITests.xctest; sourceTree = BUILT_PRODUCTS_DIR; };
/* End PBXFileReference section */

/* Begin PBXFileSystemSynchronizedRootGroup section */
		A50747E72EE42BDF005E8AEC /* BookBeat */ = {
			isa = PBXFileSystemSynchronizedRootGroup;
			path = BookBeat;
			sourceTree = "<group>";
		};
		A50747F52EE42BE1005E8AEC /* BookBeatTests */ = {
			isa = PBXFileSystemSynchronizedRootGroup;
			path = BookBeatTests;
			sourceTree = "<group>";
		};
		A50747FF2EE42BE1005E8AEC /* BookBeatUITests */ = {
			isa = PBXFileSystemSynchronizedRootGroup;
			path = BookBeatUITests;
			sourceTree = "<group>";
		};
/* End PBXFileSystemSynchronizedRootGroup section */

/* Begin PBXFrameworksBuildPhase section */
		A50747E22EE42BDF005E8AEC /* Frameworks */ = {
			isa = PBXFrameworksBuildPhase;
			buildActionMask = 2147483647;
			files = (
			);
			runOnlyForDeploymentPostprocessing = 0;
		};
		A50747EF2EE42BE1005E8AEC /* Frameworks */ = {
			isa = PBXFrameworksBuildPhase;
			buildActionMask = 2147483647;
			files = (
			);
			runOnlyForDeploymentPostprocessing = 0;
		};
		A50747F92EE42BE1005E8AEC /* Frameworks */ = {
			isa = PBXFrameworksBuildPhase;
			buildActionMask = 2147483647;
			files = (
			);
			runOnlyForDeploymentPostprocessing = 0;
		};
/* End PBXFrameworksBuildPhase section */

/* Begin PBXGroup section */
		A50747DC2EE42BDF005E8AEC = {
			isa = PBXGroup;
			children = (
				A50747E72EE42BDF005E8AEC /* BookBeat */,
				A50747F52EE42BE1005E8AEC /* BookBeatTests */,
				A50747FF2EE42BE1005E8AEC /* BookBeatUITests */,
				A50747E62EE42BDF005E8AEC /* Products */,
			);
			sourceTree = "<group>";
		};
		A50747E62EE42BDF005E8AEC /* Products */ = {
			isa = PBXGroup;
			children = (
				A50747E52EE42BDF005E8AEC /* BookBeat.app */,
				A50747F22EE42BE1005E8AEC /* BookBeatTests.xctest */,
				A50747FC2EE42BE1005E8AEC /* BookBeatUITests.xctest */,
			);
			name = Products;
			sourceTree = "<group>";
		};
/* End PBXGroup section */

/* Begin PBXNativeTarget section */
		A50747E42EE42BDF005E8AEC /* BookBeat */ = {
			isa = PBXNativeTarget;
			buildConfigurationList = A50748062EE42BE1005E8AEC /* Build configuration list for PBXNativeTarget "BookBeat" */;
			buildPhases = (
				A50747E12EE42BDF005E8AEC /* Sources */,
				A50747E22EE42BDF005E8AEC /* Frameworks */,
				A50747E32EE42BDF005E8AEC /* Resources */,
			);
			buildRules = (
			);
			dependencies = (
			);
			fileSystemSynchronizedGroups = (
				A50747E72EE42BDF005E8AEC /* BookBeat */,
			);
			name = BookBeat;
			packageProductDependencies = (
			);
			productName = BookBeat;
			productReference = A50747E52EE42BDF005E8AEC /* BookBeat.app */;
			productType = "com.apple.product-type.application";
		};
		A50747F12EE42BE1005E8AEC /* BookBeatTests */ = {
			isa = PBXNativeTarget;
			buildConfigurationList = A50748092EE42BE1005E8AEC /* Build configuration list for PBXNativeTarget "BookBeatTests" */;
			buildPhases = (
				A50747EE2EE42BE1005E8AEC /* Sources */,
				A50747EF2EE42BE1005E8AEC /* Frameworks */,
				A50747F02EE42BE1005E8AEC /* Resources */,
			);
			buildRules = (
			);
			dependencies = (
				A50747F42EE42BE1005E8AEC /* PBXTargetDependency */,
			);
			fileSystemSynchronizedGroups = (
				A50747F52EE42BE1005E8AEC /* BookBeatTests */,
			);
			name = BookBeatTests;
			packageProductDependencies = (
			);
			productName = BookBeatTests;
			productReference = A50747F22EE42BE1005E8AEC /* BookBeatTests.xctest */;
			productType = "com.apple.product-type.bundle.unit-test";
		};
		A50747FB2EE42BE1005E8AEC /* BookBeatUITests */ = {
			isa = PBXNativeTarget;
			buildConfigurationList = A507480C2EE42BE1005E8AEC /* Build configuration list for PBXNativeTarget "BookBeatUITests" */;
			buildPhases = (
				A50747F82EE42BE1005E8AEC /* Sources */,
				A50747F92EE42BE1005E8AEC /* Frameworks */,
				A50747FA2EE42BE1005E8AEC /* Resources */,
			);
			buildRules = (
			);
			dependencies = (
				A50747FE2EE42BE1005E8AEC /* PBXTargetDependency */,
			);
			fileSystemSynchronizedGroups = (
				A50747FF2EE42BE1005E8AEC /* BookBeatUITests */,
			);
			name = BookBeatUITests;
			packageProductDependencies = (
			);
			productName = BookBeatUITests;
			productReference = A50747FC2EE42BE1005E8AEC /* BookBeatUITests.xctest */;
			productType = "com.apple.product-type.bundle.ui-testing";
		};
/* End PBXNativeTarget section */

/* Begin PBXProject section */
		A50747DD2EE42BDF005E8AEC /* Project object */ = {
			isa = PBXProject;
			attributes = {
				BuildIndependentTargetsInParallel = 1;
				LastSwiftUpdateCheck = 1630;
				LastUpgradeCheck = 1630;
				TargetAttributes = {
					A50747E42EE42BDF005E8AEC = {
						CreatedOnToolsVersion = 16.3;
					};
					A50747F12EE42BE1005E8AEC = {
						CreatedOnToolsVersion = 16.3;
						TestTargetID = A50747E42EE42BDF005E8AEC;
					};
					A50747FB2EE42BE1005E8AEC = {
						CreatedOnToolsVersion = 16.3;
						TestTargetID = A50747E42EE42BDF005E8AEC;
					};
				};
			};
			buildConfigurationList = A50747E02EE42BDF005E8AEC /* Build configuration list for PBXProject "BookBeat" */;
			developmentRegion = en;
			hasScannedForEncodings = 0;
			knownRegions = (
				en,
				Base,
			);
			mainGroup = A50747DC2EE42BDF005E8AEC;
			minimizedProjectReferenceProxies = 1;
			preferredProjectObjectVersion = 77;
			productRefGroup = A50747E62EE42BDF005E8AEC /* Products */;
			projectDirPath = "";
			projectRoot = "";
			targets = (
				A50747E42EE42BDF005E8AEC /* BookBeat */,
				A50747F12EE42BE1005E8AEC /* BookBeatTests */,
				A50747FB2EE42BE1005E8AEC /* BookBeatUITests */,
			);
		};
/* End PBXProject section */

/* Begin PBXResourcesBuildPhase section */
		A50747E32EE42BDF005E8AEC /* Resources */ = {
			isa = PBXResourcesBuildPhase;
			buildActionMask = 2147483647;
			files = (
			);
			runOnlyForDeploymentPostprocessing = 0;
		};
		A50747F02EE42BE1005E8AEC /* Resources */ = {
			isa = PBXResourcesBuildPhase;
			buildActionMask = 2147483647;
			files = (
			);
			runOnlyForDeploymentPostprocessing = 0;
		};
		A50747FA2EE42BE1005E8AEC /* Resources */ = {
			isa = PBXResourcesBuildPhase;
			buildActionMask = 2147483647;
			files = (
			);
			runOnlyForDeploymentPostprocessing = 0;
		};
/* End PBXResourcesBuildPhase section */

/* Begin PBXSourcesBuildPhase section */
		A50747E12EE42BDF005E8AEC /* Sources */ = {
			isa = PBXSourcesBuildPhase;
			buildActionMask = 2147483647;
			files = (
			);
			runOnlyForDeploymentPostprocessing = 0;
		};
		A50747EE2EE42BE1005E8AEC /* Sources */ = {
			isa = PBXSourcesBuildPhase;
			buildActionMask = 2147483647;
			files = (
			);
			runOnlyForDeploymentPostprocessing = 0;
		};
		A50747F82EE42BE1005E8AEC /* Sources */ = {
			isa = PBXSourcesBuildPhase;
			buildActionMask = 2147483647;
			files = (
			);
			runOnlyForDeploymentPostprocessing = 0;
		};
/* End PBXSourcesBuildPhase section */

/* Begin PBXTargetDependency section */
		A50747F42EE42BE1005E8AEC /* PBXTargetDependency */ = {
			isa = PBXTargetDependency;
			target = A50747E42EE42BDF005E8AEC /* BookBeat */;
			targetProxy = A50747F32EE42BE1005E8AEC /* PBXContainerItemProxy */;
		};
		A50747FE2EE42BE1005E8AEC /* PBXTargetDependency */ = {
			isa = PBXTargetDependency;
			target = A50747E42EE42BDF005E8AEC /* BookBeat */;
			targetProxy = A50747FD2EE42BE1005E8AEC /* PBXContainerItemProxy */;
		};
/* End PBXTargetDependency section */

/* Begin XCBuildConfiguration section */
		A50748042EE42BE1005E8AEC /* Debug */ = {
			isa = XCBuildConfiguration;
			buildSettings = {
				ALWAYS_SEARCH_USER_PATHS = NO;
				ASSETCATALOG_COMPILER_GENERATE_SWIFT_ASSET_SYMBOL_EXTENSIONS = YES;
				CLANG_ANALYZER_NONNULL = YES;
				CLANG_ANALYZER_NUMBER_OBJECT_CONVERSION = YES_AGGRESSIVE;
				CLANG_CXX_LANGUAGE_STANDARD = "gnu++20";
				CLANG_ENABLE_MODULES = YES;
				CLANG_ENABLE_OBJC_ARC = YES;
				CLANG_ENABLE_OBJC_WEAK = YES;
				CLANG_WARN_BLOCK_CAPTURE_AUTORELEASING = YES;
				CLANG_WARN_BOOL_CONVERSION = YES;
				CLANG_WARN_COMMA = YES;
				CLANG_WARN_CONSTANT_CONVERSION = YES;
				CLANG_WARN_DEPRECATED_OBJC_IMPLEMENTATIONS = YES;
				CLANG_WARN_DIRECT_OBJC_ISA_USAGE = YES_ERROR;
				CLANG_WARN_DOCUMENTATION_COMMENTS = YES;
				CLANG_WARN_EMPTY_BODY = YES;
				CLANG_WARN_ENUM_CONVERSION = YES;
				CLANG_WARN_INFINITE_RECURSION = YES;
				CLANG_WARN_INT_CONVERSION = YES;
				CLANG_WARN_NON_LITERAL_NULL_CONVERSION = YES;
				CLANG_WARN_OBJC_IMPLICIT_RETAIN_SELF = YES;
				CLANG_WARN_OBJC_LITERAL_CONVERSION = YES;
				CLANG_WARN_OBJC_ROOT_CLASS = YES_ERROR;
				CLANG_WARN_QUOTED_INCLUDE_IN_FRAMEWORK_HEADER = YES;
				CLANG_WARN_RANGE_LOOP_ANALYSIS = YES;
				CLANG_WARN_STRICT_PROTOTYPES = YES;
				CLANG_WARN_SUSPICIOUS_MOVE = YES;
				CLANG_WARN_UNGUARDED_AVAILABILITY = YES_AGGRESSIVE;
				CLANG_WARN_UNREACHABLE_CODE = YES;
				CLANG_WARN__DUPLICATE_METHOD_MATCH = YES;
				COPY_PHASE_STRIP = NO;
				DEBUG_INFORMATION_FORMAT = dwarf;
				DEVELOPMENT_TEAM = 49NTHZ6972;
				ENABLE_STRICT_OBJC_MSGSEND = YES;
				ENABLE_TESTABILITY = YES;
				ENABLE_USER_SCRIPT_SANDBOXING = YES;
				GCC_C_LANGUAGE_STANDARD = gnu17;
				GCC_DYNAMIC_NO_PIC = NO;
				GCC_NO_COMMON_BLOCKS = YES;
				GCC_OPTIMIZATION_LEVEL = 0;
				GCC_PREPROCESSOR_DEFINITIONS = (
					"DEBUG=1",
					"$(inherited)",
				);
				GCC_WARN_64_TO_32_BIT_CONVERSION = YES;
				GCC_WARN_ABOUT_RETURN_TYPE = YES_ERROR;
				GCC_WARN_UNDECLARED_SELECTOR = YES;
				GCC_WARN_UNINITIALIZED_AUTOS = YES_AGGRESSIVE;
				GCC_WARN_UNUSED_FUNCTION = YES;
				GCC_WARN_UNUSED_VARIABLE = YES;
				IPHONEOS_DEPLOYMENT_TARGET = 18.4;
				LOCALIZATION_PREFERS_STRING_CATALOGS = YES;
				MTL_ENABLE_DEBUG_INFO = INCLUDE_SOURCE;
				MTL_FAST_MATH = YES;
				ONLY_ACTIVE_ARCH = YES;
				SDKROOT = iphoneos;
				SWIFT_ACTIVE_COMPILATION_CONDITIONS = "DEBUG $(inherited)";
				SWIFT_OPTIMIZATION_LEVEL = "-Onone";
			};
			name = Debug;
		};
		A50748052EE42BE1005E8AEC /* Release */ = {
			isa = XCBuildConfiguration;
			buildSettings = {
				ALWAYS_SEARCH_USER_PATHS = NO;
				ASSETCATALOG_COMPILER_GENERATE_SWIFT_ASSET_SYMBOL_EXTENSIONS = YES;
				CLANG_ANALYZER_NONNULL = YES;
				CLANG_ANALYZER_NUMBER_OBJECT_CONVERSION = YES_AGGRESSIVE;
				CLANG_CXX_LANGUAGE_STANDARD = "gnu++20";
				CLANG_ENABLE_MODULES = YES;
				CLANG_ENABLE_OBJC_ARC = YES;
				CLANG_ENABLE_OBJC_WEAK = YES;
				CLANG_WARN_BLOCK_CAPTURE_AUTORELEASING = YES;
				CLANG_WARN_BOOL_CONVERSION = YES;
				CLANG_WARN_COMMA = YES;
				CLANG_WARN_CONSTANT_CONVERSION = YES;
				CLANG_WARN_DEPRECATED_OBJC_IMPLEMENTATIONS = YES;
				CLANG_WARN_DIRECT_OBJC_ISA_USAGE = YES_ERROR;
				CLANG_WARN_DOCUMENTATION_COMMENTS = YES;
				CLANG_WARN_EMPTY_BODY = YES;
				CLANG_WARN_ENUM_CONVERSION = YES;
				CLANG_WARN_INFINITE_RECURSION = YES;
				CLANG_WARN_INT_CONVERSION = YES;
				CLANG_WARN_NON_LITERAL_NULL_CONVERSION = YES;
				CLANG_WARN_OBJC_IMPLICIT_RETAIN_SELF = YES;
				CLANG_WARN_OBJC_LITERAL_CONVERSION = YES;
				CLANG_WARN_OBJC_ROOT_CLASS = YES_ERROR;
				CLANG_WARN_QUOTED_INCLUDE_IN_FRAMEWORK_HEADER = YES;
				CLANG_WARN_RANGE_LOOP_ANALYSIS = YES;
				CLANG_WARN_STRICT_PROTOTYPES = YES;
				CLANG_WARN_SUSPICIOUS_MOVE = YES;
				CLANG_WARN_UNGUARDED_AVAILABILITY = YES_AGGRESSIVE;
				CLANG_WARN_UNREACHABLE_CODE = YES;
				CLANG_WARN__DUPLICATE_METHOD_MATCH = YES;
				COPY_PHASE_STRIP = NO;
				DEBUG_INFORMATION_FORMAT = "dwarf-with-dsym";
				DEVELOPMENT_TEAM = 49NTHZ6972;
				ENABLE_NS_ASSERTIONS = NO;
				ENABLE_STRICT_OBJC_MSGSEND = YES;
				ENABLE_USER_SCRIPT_SANDBOXING = YES;
				GCC_C_LANGUAGE_STANDARD = gnu17;
				GCC_NO_COMMON_BLOCKS = YES;
				GCC_WARN_64_TO_32_BIT_CONVERSION = YES;
				GCC_WARN_ABOUT_RETURN_TYPE = YES_ERROR;
				GCC_WARN_UNDECLARED_SELECTOR = YES;
				GCC_WARN_UNINITIALIZED_AUTOS = YES_AGGRESSIVE;
				GCC_WARN_UNUSED_FUNCTION = YES;
				GCC_WARN_UNUSED_VARIABLE = YES;
				IPHONEOS_DEPLOYMENT_TARGET = 18.4;
				LOCALIZATION_PREFERS_STRING_CATALOGS = YES;
				MTL_ENABLE_DEBUG_INFO = NO;
				MTL_FAST_MATH = YES;
				SDKROOT = iphoneos;
				SWIFT_COMPILATION_MODE = wholemodule;
				VALIDATE_PRODUCT = YES;
			};
			name = Release;
		};
		A50748072EE42BE1005E8AEC /* Debug */ = {
			isa = XCBuildConfiguration;
			buildSettings = {
				ASSETCATALOG_COMPILER_APPICON_NAME = AppIcon;
				ASSETCATALOG_COMPILER_GLOBAL_ACCENT_COLOR_NAME = AccentColor;
				CODE_SIGN_STYLE = Automatic;
				CURRENT_PROJECT_VERSION = 1;
				DEVELOPMENT_TEAM = 49NTHZ6972;
				ENABLE_PREVIEWS = YES;
				GENERATE_INFOPLIST_FILE = YES;
				INFOPLIST_KEY_UIApplicationSceneManifest_Generation = YES;
				INFOPLIST_KEY_UIApplicationSupportsIndirectInputEvents = YES;
				INFOPLIST_KEY_UILaunchScreen_Generation = YES;
				INFOPLIST_KEY_UISupportedInterfaceOrientations_iPad = "UIInterfaceOrientationPortrait UIInterfaceOrientationPortraitUpsideDown UIInterfaceOrientationLandscapeLeft UIInterfaceOrientationLandscapeRight";
				INFOPLIST_KEY_UISupportedInterfaceOrientations_iPhone = "UIInterfaceOrientationPortrait UIInterfaceOrientationLandscapeLeft UIInterfaceOrientationLandscapeRight";
				LD_RUNPATH_SEARCH_PATHS = (
					"$(inherited)",
					"@executable_path/Frameworks",
				);
				MARKETING_VERSION = 1.0;
				PRODUCT_BUNDLE_IDENTIFIER = jia.jiuan.tsai.BookBeat;
				PRODUCT_NAME = "$(TARGET_NAME)";
				SWIFT_EMIT_LOC_STRINGS = YES;
				SWIFT_VERSION = 5.0;
				TARGETED_DEVICE_FAMILY = "1,2";
			};
			name = Debug;
		};
		A50748082EE42BE1005E8AEC /* Release */ = {
			isa = XCBuildConfiguration;
			buildSettings = {
				ASSETCATALOG_COMPILER_APPICON_NAME = AppIcon;
				ASSETCATALOG_COMPILER_GLOBAL_ACCENT_COLOR_NAME = AccentColor;
				CODE_SIGN_STYLE = Automatic;
				CURRENT_PROJECT_VERSION = 1;
				DEVELOPMENT_TEAM = 49NTHZ6972;
				ENABLE_PREVIEWS = YES;
				GENERATE_INFOPLIST_FILE = YES;
				INFOPLIST_KEY_UIApplicationSceneManifest_Generation = YES;
				INFOPLIST_KEY_UIApplicationSupportsIndirectInputEvents = YES;
				INFOPLIST_KEY_UILaunchScreen_Generation = YES;
				INFOPLIST_KEY_UISupportedInterfaceOrientations_iPad = "UIInterfaceOrientationPortrait UIInterfaceOrientationPortraitUpsideDown UIInterfaceOrientationLandscapeLeft UIInterfaceOrientationLandscapeRight";
				INFOPLIST_KEY_UISupportedInterfaceOrientations_iPhone = "UIInterfaceOrientationPortrait UIInterfaceOrientationLandscapeLeft UIInterfaceOrientationLandscapeRight";
				LD_RUNPATH_SEARCH_PATHS = (
					"$(inherited)",
					"@executable_path/Frameworks",
				);
				MARKETING_VERSION = 1.0;
				PRODUCT_BUNDLE_IDENTIFIER = jia.jiuan.tsai.BookBeat;
				PRODUCT_NAME = "$(TARGET_NAME)";
				SWIFT_EMIT_LOC_STRINGS = YES;
				SWIFT_VERSION = 5.0;
				TARGETED_DEVICE_FAMILY = "1,2";
			};
			name = Release;
		};
		A507480A2EE42BE1005E8AEC /* Debug */ = {
			isa = XCBuildConfiguration;
			buildSettings = {
				BUNDLE_LOADER = "$(TEST_HOST)";
				CODE_SIGN_STYLE = Automatic;
				CURRENT_PROJECT_VERSION = 1;
				DEVELOPMENT_TEAM = 49NTHZ6972;
				GENERATE_INFOPLIST_FILE = YES;
				IPHONEOS_DEPLOYMENT_TARGET = 18.4;
				MARKETING_VERSION = 1.0;
				PRODUCT_BUNDLE_IDENTIFIER = jia.jiuan.tsai.BookBeatTests;
				PRODUCT_NAME = "$(TARGET_NAME)";
				SWIFT_EMIT_LOC_STRINGS = NO;
				SWIFT_VERSION = 5.0;
				TARGETED_DEVICE_FAMILY = "1,2";
				TEST_HOST = "$(BUILT_PRODUCTS_DIR)/BookBeat.app/$(BUNDLE_EXECUTABLE_FOLDER_PATH)/BookBeat";
			};
			name = Debug;
		};
		A507480B2EE42BE1005E8AEC /* Release */ = {
			isa = XCBuildConfiguration;
			buildSettings = {
				BUNDLE_LOADER = "$(TEST_HOST)";
				CODE_SIGN_STYLE = Automatic;
				CURRENT_PROJECT_VERSION = 1;
				DEVELOPMENT_TEAM = 49NTHZ6972;
				GENERATE_INFOPLIST_FILE = YES;
				IPHONEOS_DEPLOYMENT_TARGET = 18.4;
				MARKETING_VERSION = 1.0;
				PRODUCT_BUNDLE_IDENTIFIER = jia.jiuan.tsai.BookBeatTests;
				PRODUCT_NAME = "$(TARGET_NAME)";
				SWIFT_EMIT_LOC_STRINGS = NO;
				SWIFT_VERSION = 5.0;
				TARGETED_DEVICE_FAMILY = "1,2";
				TEST_HOST = "$(BUILT_PRODUCTS_DIR)/BookBeat.app/$(BUNDLE_EXECUTABLE_FOLDER_PATH)/BookBeat";
			};
			name = Release;
		};
		A507480D2EE42BE1005E8AEC /* Debug */ = {
			isa = XCBuildConfiguration;
			buildSettings = {
				CODE_SIGN_STYLE = Automatic;
				CURRENT_PROJECT_VERSION = 1;
				DEVELOPMENT_TEAM = 49NTHZ6972;
				GENERATE_INFOPLIST_FILE = YES;
				MARKETING_VERSION = 1.0;
				PRODUCT_BUNDLE_IDENTIFIER = jia.jiuan.tsai.BookBeatUITests;
				PRODUCT_NAME = "$(TARGET_NAME)";
				SWIFT_EMIT_LOC_STRINGS = NO;
				SWIFT_VERSION = 5.0;
				TARGETED_DEVICE_FAMILY = "1,2";
				TEST_TARGET_NAME = BookBeat;
			};
			name = Debug;
		};
		A507480E2EE42BE1005E8AEC /* Release */ = {
			isa = XCBuildConfiguration;
			buildSettings = {
				CODE_SIGN_STYLE = Automatic;
				CURRENT_PROJECT_VERSION = 1;
				DEVELOPMENT_TEAM = 49NTHZ6972;
				GENERATE_INFOPLIST_FILE = YES;
				MARKETING_VERSION = 1.0;
				PRODUCT_BUNDLE_IDENTIFIER = jia.jiuan.tsai.BookBeatUITests;
				PRODUCT_NAME = "$(TARGET_NAME)";
				SWIFT_EMIT_LOC_STRINGS = NO;
				SWIFT_VERSION = 5.0;
				TARGETED_DEVICE_FAMILY = "1,2";
				TEST_TARGET_NAME = BookBeat;
			};
			name = Release;
		};
/* End XCBuildConfiguration section */

/* Begin XCConfigurationList section */
		A50747E02EE42BDF005E8AEC /* Build configuration list for PBXProject "BookBeat" */ = {
			isa = XCConfigurationList;
			buildConfigurations = (
				A50748042EE42BE1005E8AEC /* Debug */,
				A50748052EE42BE1005E8AEC /* Release */,
			);
			defaultConfigurationIsVisible = 0;
			defaultConfigurationName = Release;
		};
		A50748062EE42BE1005E8AEC /* Build configuration list for PBXNativeTarget "BookBeat" */ = {
			isa = XCConfigurationList;
			buildConfigurations = (
				A50748072EE42BE1005E8AEC /* Debug */,
				A50748082EE42BE1005E8AEC /* Release */,
			);
			defaultConfigurationIsVisible = 0;
			defaultConfigurationName = Release;
		};
		A50748092EE42BE1005E8AEC /* Build configuration list for PBXNativeTarget "BookBeatTests" */ = {
			isa = XCConfigurationList;
			buildConfigurations = (
				A507480A2EE42BE1005E8AEC /* Debug */,
				A507480B2EE42BE1005E8AEC /* Release */,
			);
			defaultConfigurationIsVisible = 0;
			defaultConfigurationName = Release;
		};
		A507480C2EE42BE1005E8AEC /* Build configuration list for PBXNativeTarget "BookBeatUITests" */ = {
			isa = XCConfigurationList;
			buildConfigurations = (
				A507480D2EE42BE1005E8AEC /* Debug */,
				A507480E2EE42BE1005E8AEC /* Release */,
			);
			defaultConfigurationIsVisible = 0;
			defaultConfigurationName = Release;
		};
/* End XCConfigurationList section */
	};
	rootObject = A50747DD2EE42BDF005E8AEC /* Project object */;
}
